
Microsoft Visual Studio Solution File, Format Version 12.00
# Visual Studio Version 17
VisualStudioVersion = 17.7.34018.315
MinimumVisualStudioVersion = 10.0.40219.1
Project("{FAE04EC0-301F-11D3-BF4B-00C04F79EFBC}") = "SingletonClassLibrary", "SingletonClassLibrary.csproj", "{AFDEBB7B-2525-49AB-85E8-C1FAD04D612E}"
EndProject
Global
	GlobalSection(SolutionConfigurationPlatforms) = preSolution
		Debug|Any CPU = Debug|Any CPU
		Release|Any CPU = Release|Any CPU
	EndGlobalSection
	GlobalSection(ProjectConfigurationPlatforms) = postSolution
		{AFDEBB7B-2525-49AB-85E8-C1FAD04D612E}.Debug|Any CPU.ActiveCfg = Debug|Any CPU
		{AFDEBB7B-2525-49AB-85E8-C1FAD04D612E}.Debug|Any CPU.Build.0 = Debug|Any CPU
		{AFDEBB7B-2525-49AB-85E8-C1FAD04D612E}.Release|Any CPU.ActiveCfg = Release|Any CPU
		{AFDEBB7B-2525-49AB-85E8-C1FAD04D612E}.Release|Any CPU.Build.0 = Release|Any CPU
	EndGlobalSection
	GlobalSection(SolutionProperties) = preSolution
		HideSolutionNode = FALSE
	EndGlobalSection
	GlobalSection(ExtensibilityGlobals) = postSolution
		SolutionGuid = {42B136A5-BED3-4353-AF84-C5CBB2000F43}
	EndGlobalSection
EndGlobal
